version = 1
requires-python = ">=3.11"
resolution-markers = [
    "sys_platform == 'darwin'",
    "sys_platform != 'darwin' and sys_platform != 'linux'",
    "sys_platform == 'linux'",
]

[[package]]
name = "colorama"
version = "0.4.6"
source = { registry = "https://download.pytorch.org/whl/cpu" }
wheels = [
    { url = "https://download.pytorch.org/whl/colorama-0.4.6-py2.py3-none-any.whl", hash = "sha256:4f1d9991f5acc0ca119f9d443620b77f9d6b33703e51011c16baf57afb285fc6" },
]

[[package]]
name = "coverage"
version = "7.6.4"
source = { registry = "https://pypi.org/simple" }
sdist = { url = "https://files.pythonhosted.org/packages/52/12/3669b6382792783e92046730ad3327f53b2726f0603f4c311c4da4824222/coverage-7.6.4.tar.gz", hash = "sha256:29fc0f17b1d3fea332f8001d4558f8214af7f1d87a345f3a133c901d60347c73", size = 798716 }
wheels = [
    { url = "https://files.pythonhosted.org/packages/87/31/9c0cf84f0dfcbe4215b7eb95c31777cdc0483c13390e69584c8150c85175/coverage-7.6.4-cp311-cp311-macosx_10_9_x86_64.whl", hash = "sha256:73d2b73584446e66ee633eaad1a56aad577c077f46c35ca3283cd687b7715b0b", size = 206819 },
    { url = "https://files.pythonhosted.org/packages/53/ed/a38401079ad320ad6e054a01ec2b61d270511aeb3c201c80e99c841229d5/coverage-7.6.4-cp311-cp311-macosx_11_0_arm64.whl", hash = "sha256:51b44306032045b383a7a8a2c13878de375117946d68dcb54308111f39775a25", size = 207263 },
    { url = "https://files.pythonhosted.org/packages/20/e7/c3ad33b179ab4213f0d70da25a9c214d52464efa11caeab438592eb1d837/coverage-7.6.4-cp311-cp311-manylinux_2_17_aarch64.manylinux2014_aarch64.whl", hash = "sha256:0b3fb02fe73bed561fa12d279a417b432e5b50fe03e8d663d61b3d5990f29546", size = 239205 },
    { url = "https://files.pythonhosted.org/packages/36/91/fc02e8d8e694f557752120487fd982f654ba1421bbaa5560debf96ddceda/coverage-7.6.4-cp311-cp311-manylinux_2_5_i686.manylinux1_i686.manylinux_2_17_i686.manylinux2014_i686.whl", hash = "sha256:ed8fe9189d2beb6edc14d3ad19800626e1d9f2d975e436f84e19efb7fa19469b", size = 236612 },
    { url = "https://files.pythonhosted.org/packages/cc/57/cb08f0eda0389a9a8aaa4fc1f9fec7ac361c3e2d68efd5890d7042c18aa3/coverage-7.6.4-cp311-cp311-manylinux_2_5_x86_64.manylinux1_x86_64.manylinux_2_17_x86_64.manylinux2014_x86_64.whl", hash = "sha256:b369ead6527d025a0fe7bd3864e46dbee3aa8f652d48df6174f8d0bac9e26e0e", size = 238479 },
    { url = "https://files.pythonhosted.org/packages/d5/c9/2c7681a9b3ca6e6f43d489c2e6653a53278ed857fd6e7010490c307b0a47/coverage-7.6.4-cp311-cp311-musllinux_1_2_aarch64.whl", hash = "sha256:ade3ca1e5f0ff46b678b66201f7ff477e8fa11fb537f3b55c3f0568fbfe6e718", size = 237405 },
    { url = "https://files.pythonhosted.org/packages/b5/4e/ebfc6944b96317df8b537ae875d2e57c27b84eb98820bc0a1055f358f056/coverage-7.6.4-cp311-cp311-musllinux_1_2_i686.whl", hash = "sha256:27fb4a050aaf18772db513091c9c13f6cb94ed40eacdef8dad8411d92d9992db", size = 236038 },
    { url = "https://files.pythonhosted.org/packages/13/f2/3a0bf1841a97c0654905e2ef531170f02c89fad2555879db8fe41a097871/coverage-7.6.4-cp311-cp311-musllinux_1_2_x86_64.whl", hash = "sha256:4f704f0998911abf728a7783799444fcbbe8261c4a6c166f667937ae6a8aa522", size = 236812 },
    { url = "https://files.pythonhosted.org/packages/b9/9c/66bf59226b52ce6ed9541b02d33e80a6e816a832558fbdc1111a7bd3abd4/coverage-7.6.4-cp311-cp311-win32.whl", hash = "sha256:29155cd511ee058e260db648b6182c419422a0d2e9a4fa44501898cf918866cf", size = 209400 },
    { url = "https://files.pythonhosted.org/packages/2a/a0/b0790934c04dfc8d658d4a62acb8f7ca0efdf3818456fcad757b11c6479d/coverage-7.6.4-cp311-cp311-win_amd64.whl", hash = "sha256:8902dd6a30173d4ef09954bfcb24b5d7b5190cf14a43170e386979651e09ba19", size = 210243 },
    { url = "https://files.pythonhosted.org/packages/7d/e7/9291de916d084f41adddfd4b82246e68d61d6a75747f075f7e64628998d2/coverage-7.6.4-cp312-cp312-macosx_10_13_x86_64.whl", hash = "sha256:12394842a3a8affa3ba62b0d4ab7e9e210c5e366fbac3e8b2a68636fb19892c2", size = 207013 },
    { url = "https://files.pythonhosted.org/packages/27/03/932c2c5717a7fa80cd43c6a07d3177076d97b79f12f40f882f9916db0063/coverage-7.6.4-cp312-cp312-macosx_11_0_arm64.whl", hash = "sha256:2b6b4c83d8e8ea79f27ab80778c19bc037759aea298da4b56621f4474ffeb117", size = 207251 },
    { url = "https://files.pythonhosted.org/packages/d5/3f/0af47dcb9327f65a45455fbca846fe96eb57c153af46c4754a3ba678938a/coverage-7.6.4-cp312-cp312-manylinux_2_17_aarch64.manylinux2014_aarch64.whl", hash = "sha256:1d5b8007f81b88696d06f7df0cb9af0d3b835fe0c8dbf489bad70b45f0e45613", size = 240268 },
    { url = "https://files.pythonhosted.org/packages/8a/3c/37a9d81bbd4b23bc7d46ca820e16174c613579c66342faa390a271d2e18b/coverage-7.6.4-cp312-cp312-manylinux_2_5_i686.manylinux1_i686.manylinux_2_17_i686.manylinux2014_i686.whl", hash = "sha256:b57b768feb866f44eeed9f46975f3d6406380275c5ddfe22f531a2bf187eda27", size = 237298 },
    { url = "https://files.pythonhosted.org/packages/c0/70/6b0627e5bd68204ee580126ed3513140b2298995c1233bd67404b4e44d0e/coverage-7.6.4-cp312-cp312-manylinux_2_5_x86_64.manylinux1_x86_64.manylinux_2_17_x86_64.manylinux2014_x86_64.whl", hash = "sha256:5915fcdec0e54ee229926868e9b08586376cae1f5faa9bbaf8faf3561b393d52", size = 239367 },
    { url = "https://files.pythonhosted.org/packages/3c/eb/634d7dfab24ac3b790bebaf9da0f4a5352cbc125ce6a9d5c6cf4c6cae3c7/coverage-7.6.4-cp312-cp312-musllinux_1_2_aarch64.whl", hash = "sha256:0b58c672d14f16ed92a48db984612f5ce3836ae7d72cdd161001cc54512571f2", size = 238853 },
    { url = "https://files.pythonhosted.org/packages/d9/0d/8e3ed00f1266ef7472a4e33458f42e39492e01a64281084fb3043553d3f1/coverage-7.6.4-cp312-cp312-musllinux_1_2_i686.whl", hash = "sha256:2fdef0d83a2d08d69b1f2210a93c416d54e14d9eb398f6ab2f0a209433db19e1", size = 237160 },
    { url = "https://files.pythonhosted.org/packages/ce/9c/4337f468ef0ab7a2e0887a9c9da0e58e2eada6fc6cbee637a4acd5dfd8a9/coverage-7.6.4-cp312-cp312-musllinux_1_2_x86_64.whl", hash = "sha256:8cf717ee42012be8c0cb205dbbf18ffa9003c4cbf4ad078db47b95e10748eec5", size = 238824 },
    { url = "https://files.pythonhosted.org/packages/5e/09/3e94912b8dd37251377bb02727a33a67ee96b84bbbe092f132b401ca5dd9/coverage-7.6.4-cp312-cp312-win32.whl", hash = "sha256:7bb92c539a624cf86296dd0c68cd5cc286c9eef2d0c3b8b192b604ce9de20a17", size = 209639 },
    { url = "https://files.pythonhosted.org/packages/01/69/d4f3a4101171f32bc5b3caec8ff94c2c60f700107a6aaef7244b2c166793/coverage-7.6.4-cp312-cp312-win_amd64.whl", hash = "sha256:1032e178b76a4e2b5b32e19d0fd0abbce4b58e77a1ca695820d10e491fa32b08", size = 210428 },
    { url = "https://files.pythonhosted.org/packages/c2/4d/2dede4f7cb5a70fb0bb40a57627fddf1dbdc6b9c1db81f7c4dcdcb19e2f4/coverage-7.6.4-cp313-cp313-macosx_10_13_x86_64.whl", hash = "sha256:023bf8ee3ec6d35af9c1c6ccc1d18fa69afa1cb29eaac57cb064dbb262a517f9", size = 207039 },
    { url = "https://files.pythonhosted.org/packages/3f/f9/d86368ae8c79e28f1fb458ebc76ae9ff3e8bd8069adc24e8f2fed03c58b7/coverage-7.6.4-cp313-cp313-macosx_11_0_arm64.whl", hash = "sha256:b0ac3d42cb51c4b12df9c5f0dd2f13a4f24f01943627120ec4d293c9181219ba", size = 207298 },
    { url = "https://files.pythonhosted.org/packages/64/c5/b4cc3c3f64622c58fbfd4d8b9a7a8ce9d355f172f91fcabbba1f026852f6/coverage-7.6.4-cp313-cp313-manylinux_2_17_aarch64.manylinux2014_aarch64.whl", hash = "sha256:f8fe4984b431f8621ca53d9380901f62bfb54ff759a1348cd140490ada7b693c", size = 239813 },
    { url = "https://files.pythonhosted.org/packages/8a/86/14c42e60b70a79b26099e4d289ccdfefbc68624d096f4481163085aa614c/coverage-7.6.4-cp313-cp313-manylinux_2_5_i686.manylinux1_i686.manylinux_2_17_i686.manylinux2014_i686.whl", hash = "sha256:5fbd612f8a091954a0c8dd4c0b571b973487277d26476f8480bfa4b2a65b5d06", size = 236959 },
    { url = "https://files.pythonhosted.org/packages/7f/f8/4436a643631a2fbab4b44d54f515028f6099bfb1cd95b13cfbf701e7f2f2/coverage-7.6.4-cp313-cp313-manylinux_2_5_x86_64.manylinux1_x86_64.manylinux_2_17_x86_64.manylinux2014_x86_64.whl", hash = "sha256:dacbc52de979f2823a819571f2e3a350a7e36b8cb7484cdb1e289bceaf35305f", size = 238950 },
    { url = "https://files.pythonhosted.org/packages/49/50/1571810ddd01f99a0a8be464a4ac8b147f322cd1e8e296a1528984fc560b/coverage-7.6.4-cp313-cp313-musllinux_1_2_aarch64.whl", hash = "sha256:dab4d16dfef34b185032580e2f2f89253d302facba093d5fa9dbe04f569c4f4b", size = 238610 },
    { url = "https://files.pythonhosted.org/packages/f3/8c/6312d241fe7cbd1f0cade34a62fea6f333d1a261255d76b9a87074d8703c/coverage-7.6.4-cp313-cp313-musllinux_1_2_i686.whl", hash = "sha256:862264b12ebb65ad8d863d51f17758b1684560b66ab02770d4f0baf2ff75da21", size = 236697 },
    { url = "https://files.pythonhosted.org/packages/ce/5f/fef33dfd05d87ee9030f614c857deb6df6556b8f6a1c51bbbb41e24ee5ac/coverage-7.6.4-cp313-cp313-musllinux_1_2_x86_64.whl", hash = "sha256:5beb1ee382ad32afe424097de57134175fea3faf847b9af002cc7895be4e2a5a", size = 238541 },
    { url = "https://files.pythonhosted.org/packages/a9/64/6a984b6e92e1ea1353b7ffa08e27f707a5e29b044622445859200f541e8c/coverage-7.6.4-cp313-cp313-win32.whl", hash = "sha256:bf20494da9653f6410213424f5f8ad0ed885e01f7e8e59811f572bdb20b8972e", size = 209707 },
    { url = "https://files.pythonhosted.org/packages/5c/60/ce5a9e942e9543783b3db5d942e0578b391c25cdd5e7f342d854ea83d6b7/coverage-7.6.4-cp313-cp313-win_amd64.whl", hash = "sha256:182e6cd5c040cec0a1c8d415a87b67ed01193ed9ad458ee427741c7d8513d963", size = 210439 },
    { url = "https://files.pythonhosted.org/packages/78/53/6719677e92c308207e7f10561a1b16ab8b5c00e9328efc9af7cfd6fb703e/coverage-7.6.4-cp313-cp313t-macosx_10_13_x86_64.whl", hash = "sha256:a181e99301a0ae128493a24cfe5cfb5b488c4e0bf2f8702091473d033494d04f", size = 207784 },
    { url = "https://files.pythonhosted.org/packages/fa/dd/7054928930671fcb39ae6a83bb71d9ab5f0afb733172543ced4b09a115ca/coverage-7.6.4-cp313-cp313t-macosx_11_0_arm64.whl", hash = "sha256:df57bdbeffe694e7842092c5e2e0bc80fff7f43379d465f932ef36f027179806", size = 208058 },
    { url = "https://files.pythonhosted.org/packages/b5/7d/fd656ddc2b38301927b9eb3aae3fe827e7aa82e691923ed43721fd9423c9/coverage-7.6.4-cp313-cp313t-manylinux_2_17_aarch64.manylinux2014_aarch64.whl", hash = "sha256:0bcd1069e710600e8e4cf27f65c90c7843fa8edfb4520fb0ccb88894cad08b11", size = 250772 },
    { url = "https://files.pythonhosted.org/packages/90/d0/eb9a3cc2100b83064bb086f18aedde3afffd7de6ead28f69736c00b7f302/coverage-7.6.4-cp313-cp313t-manylinux_2_5_i686.manylinux1_i686.manylinux_2_17_i686.manylinux2014_i686.whl", hash = "sha256:99b41d18e6b2a48ba949418db48159d7a2e81c5cc290fc934b7d2380515bd0e3", size = 246490 },
    { url = "https://files.pythonhosted.org/packages/45/44/3f64f38f6faab8a0cfd2c6bc6eb4c6daead246b97cf5f8fc23bf3788f841/coverage-7.6.4-cp313-cp313t-manylinux_2_5_x86_64.manylinux1_x86_64.manylinux_2_17_x86_64.manylinux2014_x86_64.whl", hash = "sha256:a6b1e54712ba3474f34b7ef7a41e65bd9037ad47916ccb1cc78769bae324c01a", size = 248848 },
    { url = "https://files.pythonhosted.org/packages/5d/11/4c465a5f98656821e499f4b4619929bd5a34639c466021740ecdca42aa30/coverage-7.6.4-cp313-cp313t-musllinux_1_2_aarch64.whl", hash = "sha256:53d202fd109416ce011578f321460795abfe10bb901b883cafd9b3ef851bacfc", size = 248340 },
    { url = "https://files.pythonhosted.org/packages/f1/96/ebecda2d016cce9da812f404f720ca5df83c6b29f65dc80d2000d0078741/coverage-7.6.4-cp313-cp313t-musllinux_1_2_i686.whl", hash = "sha256:c48167910a8f644671de9f2083a23630fbf7a1cb70ce939440cd3328e0919f70", size = 246229 },
    { url = "https://files.pythonhosted.org/packages/16/d9/3d820c00066ae55d69e6d0eae11d6149a5ca7546de469ba9d597f01bf2d7/coverage-7.6.4-cp313-cp313t-musllinux_1_2_x86_64.whl", hash = "sha256:cc8ff50b50ce532de2fa7a7daae9dd12f0a699bfcd47f20945364e5c31799fef", size = 247510 },
    { url = "https://files.pythonhosted.org/packages/8f/c3/4fa1eb412bb288ff6bfcc163c11700ff06e02c5fad8513817186e460ed43/coverage-7.6.4-cp313-cp313t-win32.whl", hash = "sha256:b8d3a03d9bfcaf5b0141d07a88456bb6a4c3ce55c080712fec8418ef3610230e", size = 210353 },
    { url = "https://files.pythonhosted.org/packages/7e/77/03fc2979d1538884d921c2013075917fc927f41cd8526909852fe4494112/coverage-7.6.4-cp313-cp313t-win_amd64.whl", hash = "sha256:f3ddf056d3ebcf6ce47bdaf56142af51bb7fad09e4af310241e9db7a3a8022e1", size = 211502 },
]

[package.optional-dependencies]
toml = [
    { name = "tomli", marker = "python_full_version <= '3.11' and python_full_version >= '3.11'" },
]

[[package]]
name = "filelock"
version = "3.13.1"
source = { registry = "https://download.pytorch.org/whl/cpu" }
wheels = [
    { url = "https://download.pytorch.org/whl/filelock-3.13.1-py3-none-any.whl", hash = "sha256:57dbda9b35157b05fb3e58ee91448612eb674172fab98ee235ccb0b5bee19a1c" },
]

[[package]]
name = "fsspec"
version = "2024.2.0"
source = { registry = "https://download.pytorch.org/whl/cpu" }
wheels = [
    { url = "https://download.pytorch.org/whl/fsspec-2024.2.0-py3-none-any.whl", hash = "sha256:817f969556fa5916bc682e02ca2045f96ff7f586d45110fcb76022063ad2c7d8" },
]

[[package]]
name = "iniconfig"
version = "2.0.0"
source = { registry = "https://pypi.org/simple" }
sdist = { url = "https://files.pythonhosted.org/packages/d7/4b/cbd8e699e64a6f16ca3a8220661b5f83792b3017d0f79807cb8708d33913/iniconfig-2.0.0.tar.gz", hash = "sha256:2d91e135bf72d31a410b17c16da610a82cb55f6b0477d1a902134b24a455b8b3", size = 4646 }
wheels = [
    { url = "https://files.pythonhosted.org/packages/ef/a6/62565a6e1cf69e10f5727360368e451d4b7f58beeac6173dc9db836a5b46/iniconfig-2.0.0-py3-none-any.whl", hash = "sha256:b6a85871a79d2e3b22d2d1b94ac2824226a63c6b741c88f7ae975f18b6778374", size = 5892 },
]

[[package]]
name = "jinja2"
version = "3.1.3"
source = { registry = "https://download.pytorch.org/whl/cpu" }
dependencies = [
    { name = "markupsafe" },
]
wheels = [
    { url = "https://download.pytorch.org/whl/Jinja2-3.1.3-py3-none-any.whl", hash = "sha256:7d6d50dd97d52cbc355597bd845fabfbac3f551e1f99619e39a35ce8c370b5fa" },
]

[[package]]
name = "loguru"
version = "0.7.2"
source = { registry = "https://pypi.org/simple" }
dependencies = [
    { name = "colorama", marker = "sys_platform == 'win32'" },
    { name = "win32-setctime", marker = "sys_platform == 'win32'" },
]
sdist = { url = "https://files.pythonhosted.org/packages/9e/30/d87a423766b24db416a46e9335b9602b054a72b96a88a241f2b09b560fa8/loguru-0.7.2.tar.gz", hash = "sha256:e671a53522515f34fd406340ee968cb9ecafbc4b36c679da03c18fd8d0bd51ac", size = 145103 }
wheels = [
    { url = "https://files.pythonhosted.org/packages/03/0a/4f6fed21aa246c6b49b561ca55facacc2a44b87d65b8b92362a8e99ba202/loguru-0.7.2-py3-none-any.whl", hash = "sha256:003d71e3d3ed35f0f8984898359d65b79e5b21943f78af86aa5491210429b8eb", size = 62549 },
]

[[package]]
name = "markupsafe"
version = "2.1.5"
source = { registry = "https://download.pytorch.org/whl/cpu" }
wheels = [
    { url = "https://download.pytorch.org/whl/MarkupSafe-2.1.5-cp311-cp311-macosx_10_9_universal2.whl", hash = "sha256:629ddd2ca402ae6dbedfceeba9c46d5f7b2a61d9749597d4307f943ef198fc1f" },
    { url = "https://download.pytorch.org/whl/MarkupSafe-2.1.5-cp311-cp311-macosx_10_9_x86_64.whl", hash = "sha256:5b7b716f97b52c5a14bffdf688f971b2d5ef4029127f1ad7a513973cfd818df2" },
    { url = "https://download.pytorch.org/whl/MarkupSafe-2.1.5-cp311-cp311-manylinux_2_17_aarch64.manylinux2014_aarch64.whl", hash = "sha256:6ec585f69cec0aa07d945b20805be741395e28ac1627333b1c5b0105962ffced" },
    { url = "https://download.pytorch.org/whl/MarkupSafe-2.1.5-cp311-cp311-manylinux_2_17_x86_64.manylinux2014_x86_64.whl", hash = "sha256:b91c037585eba9095565a3556f611e3cbfaa42ca1e865f7b8015fe5c7336d5a5" },
    { url = "https://download.pytorch.org/whl/MarkupSafe-2.1.5-cp311-cp311-manylinux_2_5_i686.manylinux1_i686.manylinux_2_17_i686.manylinux2014_i686.whl", hash = "sha256:7502934a33b54030eaf1194c21c692a534196063db72176b0c4028e140f8f32c" },
    { url = "https://download.pytorch.org/whl/MarkupSafe-2.1.5-cp311-cp311-win_amd64.whl", hash = "sha256:2b7c57a4dfc4f16f7142221afe5ba4e093e09e728ca65c51f5620c9aaeb9a617" },
    { url = "https://download.pytorch.org/whl/MarkupSafe-2.1.5-cp312-cp312-macosx_10_9_universal2.whl", hash = "sha256:8dec4936e9c3100156f8a2dc89c4b88d5c435175ff03413b443469c7c8c5f4d1" },
    { url = "https://download.pytorch.org/whl/MarkupSafe-2.1.5-cp312-cp312-macosx_10_9_x86_64.whl", hash = "sha256:3c6b973f22eb18a789b1460b4b91bf04ae3f0c4234a0a6aa6b0a92f6f7b951d4" },
    { url = "https://download.pytorch.org/whl/MarkupSafe-2.1.5-cp312-cp312-manylinux_2_17_aarch64.manylinux2014_aarch64.whl", hash = "sha256:ac07bad82163452a6884fe8fa0963fb98c2346ba78d779ec06bd7a6262132aee" },
    { url = "https://download.pytorch.org/whl/MarkupSafe-2.1.5-cp312-cp312-manylinux_2_17_x86_64.manylinux2014_x86_64.whl", hash = "sha256:f5dfb42c4604dddc8e4305050aa6deb084540643ed5804d7455b5df8fe16f5e5" },
    { url = "https://download.pytorch.org/whl/MarkupSafe-2.1.5-cp312-cp312-manylinux_2_5_i686.manylinux1_i686.manylinux_2_17_i686.manylinux2014_i686.whl", hash = "sha256:ea3d8a3d18833cf4304cd2fc9cbb1efe188ca9b5efef2bdac7adc20594a0e46b" },
    { url = "https://download.pytorch.org/whl/MarkupSafe-2.1.5-cp312-cp312-win_amd64.whl", hash = "sha256:823b65d8706e32ad2df51ed89496147a42a2a6e01c13cfb6ffb8b1e92bc910bb" },
]

[[package]]
name = "mpmath"
version = "1.3.0"
source = { registry = "https://download.pytorch.org/whl/cpu" }
wheels = [
    { url = "https://download.pytorch.org/whl/mpmath-1.3.0-py3-none-any.whl", hash = "sha256:a0b2b9fe80bbcd81a6647ff13108738cfb482d481d826cc0e02f5b35e5c88d2c" },
]

[[package]]
name = "mypy"
version = "1.12.1"
source = { registry = "https://pypi.org/simple" }
dependencies = [
    { name = "mypy-extensions" },
    { name = "typing-extensions" },
]
sdist = { url = "https://files.pythonhosted.org/packages/17/03/744330105a74dc004578f47ec27e1bf66b1dd5664ea444d18423e41343bd/mypy-1.12.1.tar.gz", hash = "sha256:f5b3936f7a6d0e8280c9bdef94c7ce4847f5cdfc258fbb2c29a8c1711e8bb96d", size = 3150767 }
wheels = [
    { url = "https://files.pythonhosted.org/packages/18/0a/70de7c97a86cb85535077ab5cef1cbc4e2812fd2e9cc21d78eb561a6b80f/mypy-1.12.1-cp311-cp311-macosx_10_9_x86_64.whl", hash = "sha256:1230048fec1380faf240be6385e709c8570604d2d27ec6ca7e573e3bc09c3735", size = 10940998 },
    { url = "https://files.pythonhosted.org/packages/c0/97/9ed6d4834d7549936ab88533b302184fb568a0940c4000d2aaee6dc07112/mypy-1.12.1-cp311-cp311-macosx_11_0_arm64.whl", hash = "sha256:02dcfe270c6ea13338210908f8cadc8d31af0f04cee8ca996438fe6a97b4ec66", size = 10108523 },
    { url = "https://files.pythonhosted.org/packages/48/41/1686f37d09c915dfc5b683e20cc99dabac199900b5ca6d22747b99ddcb50/mypy-1.12.1-cp311-cp311-manylinux_2_17_x86_64.manylinux2014_x86_64.manylinux_2_28_x86_64.whl", hash = "sha256:a5a437c9102a6a252d9e3a63edc191a3aed5f2fcb786d614722ee3f4472e33f6", size = 12505553 },
    { url = "https://files.pythonhosted.org/packages/8d/2b/2dbcaa7e97b23f27ced77493256ee878f4a140ac750e198630ff1b9b60c6/mypy-1.12.1-cp311-cp311-musllinux_1_1_x86_64.whl", hash = "sha256:186e0c8346efc027ee1f9acf5ca734425fc4f7dc2b60144f0fbe27cc19dc7931", size = 12988634 },
    { url = "https://files.pythonhosted.org/packages/54/55/710d082e91a2ccaea21214229b11f9215a9d22446f949491b5457655e82b/mypy-1.12.1-cp311-cp311-win_amd64.whl", hash = "sha256:673ba1140a478b50e6d265c03391702fa11a5c5aff3f54d69a62a48da32cb811", size = 9630747 },
    { url = "https://files.pythonhosted.org/packages/8a/74/b9e0e4f06e951e277058f878302faa154d282ca11274c59fe08353f52949/mypy-1.12.1-cp312-cp312-macosx_10_13_x86_64.whl", hash = "sha256:9fb83a7be97c498176fb7486cafbb81decccaef1ac339d837c377b0ce3743a7f", size = 11079902 },
    { url = "https://files.pythonhosted.org/packages/9f/62/fcad290769db3eb0de265094cef5c94d6075c70bc1e42b67eee4ca192dcc/mypy-1.12.1-cp312-cp312-macosx_11_0_arm64.whl", hash = "sha256:389e307e333879c571029d5b93932cf838b811d3f5395ed1ad05086b52148fb0", size = 10072373 },
    { url = "https://files.pythonhosted.org/packages/cb/27/9ac78349c2952e4446288ec1174675ab9e0160ed18c2cb1154fa456c54e8/mypy-1.12.1-cp312-cp312-manylinux_2_17_x86_64.manylinux2014_x86_64.manylinux_2_28_x86_64.whl", hash = "sha256:94b2048a95a21f7a9ebc9fbd075a4fcd310410d078aa0228dbbad7f71335e042", size = 12589779 },
    { url = "https://files.pythonhosted.org/packages/7c/4a/58cebd122cf1cba95680ac51303fbeb508392413ca64e3e711aa7d4877aa/mypy-1.12.1-cp312-cp312-musllinux_1_1_x86_64.whl", hash = "sha256:4ee5932370ccf7ebf83f79d1c157a5929d7ea36313027b0d70a488493dc1b179", size = 13044459 },
    { url = "https://files.pythonhosted.org/packages/5b/c7/672935e2a3f9bcc07b1b870395a653f665657bef3cdaa504ad99f56eadf0/mypy-1.12.1-cp312-cp312-win_amd64.whl", hash = "sha256:19bf51f87a295e7ab2894f1d8167622b063492d754e69c3c2fed6563268cb42a", size = 9731919 },
    { url = "https://files.pythonhosted.org/packages/bb/b0/092be5094840a401940c95224f63bb2a8f09bce9251ac1df180ec523830c/mypy-1.12.1-cp313-cp313-macosx_10_13_x86_64.whl", hash = "sha256:d34167d43613ffb1d6c6cdc0cc043bb106cac0aa5d6a4171f77ab92a3c758bcc", size = 11068611 },
    { url = "https://files.pythonhosted.org/packages/9a/86/f20f53b8f062876c39602243d7a59b5cabd6b24315d8de511d607fa4de6a/mypy-1.12.1-cp313-cp313-macosx_11_0_arm64.whl", hash = "sha256:427878aa54f2e2c5d8db31fa9010c599ed9f994b3b49e64ae9cd9990c40bd635", size = 10068036 },
    { url = "https://files.pythonhosted.org/packages/84/c7/1dbd6575785522da1d4c1ac2c419505fcf23bee74811880cac447a4a77ab/mypy-1.12.1-cp313-cp313-manylinux_2_17_x86_64.manylinux2014_x86_64.manylinux_2_28_x86_64.whl", hash = "sha256:5fcde63ea2c9f69d6be859a1e6dd35955e87fa81de95bc240143cf00de1f7f81", size = 12585671 },
    { url = "https://files.pythonhosted.org/packages/46/8a/f6ae18b446eb2bccce54c4bd94065bcfe417d6c67021dcc032bf1e720aff/mypy-1.12.1-cp313-cp313-musllinux_1_1_x86_64.whl", hash = "sha256:d54d840f6c052929f4a3d2aab2066af0f45a020b085fe0e40d4583db52aab4e4", size = 13036083 },
    { url = "https://files.pythonhosted.org/packages/59/e6/fc65fde3dc7156fce8d49ba21c7b1f5d866ad50467bf196ca94a7f6d2c9e/mypy-1.12.1-cp313-cp313-win_amd64.whl", hash = "sha256:20db6eb1ca3d1de8ece00033b12f793f1ea9da767334b7e8c626a4872090cf02", size = 9735467 },
    { url = "https://files.pythonhosted.org/packages/84/6b/1db9de4e0764778251fb2d64cb7455cf6db75dc99c9f72c8b7e74b6a8a17/mypy-1.12.1-py3-none-any.whl", hash = "sha256:ce561a09e3bb9863ab77edf29ae3a50e65685ad74bba1431278185b7e5d5486e", size = 2646060 },
]

[[package]]
name = "mypy-extensions"
version = "1.0.0"
source = { registry = "https://pypi.org/simple" }
sdist = { url = "https://files.pythonhosted.org/packages/98/a4/1ab47638b92648243faf97a5aeb6ea83059cc3624972ab6b8d2316078d3f/mypy_extensions-1.0.0.tar.gz", hash = "sha256:75dbf8955dc00442a438fc4d0666508a9a97b6bd41aa2f0ffe9d2f2725af0782", size = 4433 }
wheels = [
    { url = "https://files.pythonhosted.org/packages/2a/e2/5d3f6ada4297caebe1a2add3b126fe800c96f56dbe5d1988a2cbe0b267aa/mypy_extensions-1.0.0-py3-none-any.whl", hash = "sha256:4392f6c0eb8a5668a69e23d168ffa70f0be9ccfd32b5cc2d26a34ae5b844552d", size = 4695 },
]

[[package]]
name = "networkx"
version = "3.2.1"
source = { registry = "https://download.pytorch.org/whl/cpu" }
wheels = [
    { url = "https://download.pytorch.org/whl/networkx-3.2.1-py3-none-any.whl", hash = "sha256:f18c69adc97877c42332c170849c96cefa91881c99a7cb3e95b7c659ebdc1ec2" },
]

[[package]]
name = "numpy"
version = "1.26.3"
source = { registry = "https://download.pytorch.org/whl/cpu" }
wheels = [
    { url = "https://download.pytorch.org/whl/numpy-1.26.3-cp311-cp311-macosx_10_9_x86_64.whl", hash = "sha256:b831295e5472954104ecb46cd98c08b98b49c69fdb7040483aff799a755a7374" },
    { url = "https://download.pytorch.org/whl/numpy-1.26.3-cp311-cp311-macosx_11_0_arm64.whl", hash = "sha256:9e87562b91f68dd8b1c39149d0323b42e0082db7ddb8e934ab4c292094d575d6" },
    { url = "https://download.pytorch.org/whl/numpy-1.26.3-cp311-cp311-manylinux_2_17_aarch64.manylinux2014_aarch64.whl", hash = "sha256:8c66d6fec467e8c0f975818c1796d25c53521124b7cfb760114be0abad53a0a2" },
    { url = "https://download.pytorch.org/whl/numpy-1.26.3-cp311-cp311-manylinux_2_17_x86_64.manylinux2014_x86_64.whl", hash = "sha256:f25e2811a9c932e43943a2615e65fc487a0b6b49218899e62e426e7f0a57eeda" },
    { url = "https://download.pytorch.org/whl/numpy-1.26.3-cp311-cp311-win_amd64.whl", hash = "sha256:39763aee6dfdd4878032361b30b2b12593fb445ddb66bbac802e2113eb8a6ac4" },
    { url = "https://download.pytorch.org/whl/numpy-1.26.3-cp312-cp312-macosx_10_9_x86_64.whl", hash = "sha256:a7081fd19a6d573e1a05e600c82a1c421011db7935ed0d5c483e9dd96b99cf13" },
    { url = "https://download.pytorch.org/whl/numpy-1.26.3-cp312-cp312-macosx_11_0_arm64.whl", hash = "sha256:12c70ac274b32bc00c7f61b515126c9205323703abb99cd41836e8125ea0043e" },
    { url = "https://download.pytorch.org/whl/numpy-1.26.3-cp312-cp312-manylinux_2_17_aarch64.manylinux2014_aarch64.whl", hash = "sha256:7f784e13e598e9594750b2ef6729bcd5a47f6cfe4a12cca13def35e06d8163e3" },
    { url = "https://download.pytorch.org/whl/numpy-1.26.3-cp312-cp312-manylinux_2_17_x86_64.manylinux2014_x86_64.whl", hash = "sha256:5f24750ef94d56ce6e33e4019a8a4d68cfdb1ef661a52cdaee628a56d2437419" },
    { url = "https://download.pytorch.org/whl/numpy-1.26.3-cp312-cp312-win_amd64.whl", hash = "sha256:da4b0c6c699a0ad73c810736303f7fbae483bcb012e38d7eb06a5e3b432c981b" },
]

[[package]]
name = "packaging"
version = "22.0"
source = { registry = "https://download.pytorch.org/whl/cpu" }
wheels = [
    { url = "https://download.pytorch.org/whl/packaging-22.0-py3-none-any.whl", hash = "sha256:957e2148ba0e1a3b282772e791ef1d8083648bc131c8ab0c1feba110ce1146c3" },
]

[[package]]
name = "pillow"
version = "10.2.0"
source = { registry = "https://download.pytorch.org/whl/cpu" }
wheels = [
    { url = "https://download.pytorch.org/whl/pillow-10.2.0-cp311-cp311-macosx_10_10_x86_64.whl", hash = "sha256:35bb52c37f256f662abdfa49d2dfa6ce5d93281d323a9af377a120e89a9eafb5" },
    { url = "https://download.pytorch.org/whl/pillow-10.2.0-cp311-cp311-macosx_11_0_arm64.whl", hash = "sha256:9c23f307202661071d94b5e384e1e1dc7dfb972a28a2310e4ee16103e66ddb67" },
    { url = "https://download.pytorch.org/whl/pillow-10.2.0-cp311-cp311-manylinux_2_17_aarch64.manylinux2014_aarch64.whl", hash = "sha256:773efe0603db30c281521a7c0214cad7836c03b8ccff897beae9b47c0b657d61" },
    { url = "https://download.pytorch.org/whl/pillow-10.2.0-cp311-cp311-manylinux_2_17_x86_64.manylinux2014_x86_64.whl", hash = "sha256:11fa2e5984b949b0dd6d7a94d967743d87c577ff0b83392f17cb3990d0d2fd6e" },
    { url = "https://download.pytorch.org/whl/pillow-10.2.0-cp311-cp311-manylinux_2_28_aarch64.whl", hash = "sha256:716d30ed977be8b37d3ef185fecb9e5a1d62d110dfbdcd1e2a122ab46fddb03f" },
    { url = "https://download.pytorch.org/whl/pillow-10.2.0-cp311-cp311-manylinux_2_28_x86_64.whl", hash = "sha256:a086c2af425c5f62a65e12fbf385f7c9fcb8f107d0849dba5839461a129cf311" },
    { url = "https://download.pytorch.org/whl/pillow-10.2.0-cp311-cp311-win_amd64.whl", hash = "sha256:1da3b2703afd040cf65ec97efea81cfba59cdbed9c11d8efc5ab09df9509fc56" },
    { url = "https://download.pytorch.org/whl/pillow-10.2.0-cp311-cp311-win_arm64.whl", hash = "sha256:edca80cbfb2b68d7b56930b84a0e45ae1694aeba0541f798e908a49d66b837f1" },
    { url = "https://download.pytorch.org/whl/pillow-10.2.0-cp312-cp312-macosx_10_10_x86_64.whl", hash = "sha256:1b5e1b74d1bd1b78bc3477528919414874748dd363e6272efd5abf7654e68bef" },
    { url = "https://download.pytorch.org/whl/pillow-10.2.0-cp312-cp312-macosx_11_0_arm64.whl", hash = "sha256:0eae2073305f451d8ecacb5474997c08569fb4eb4ac231ffa4ad7d342fdc25ac" },
    { url = "https://download.pytorch.org/whl/pillow-10.2.0-cp312-cp312-manylinux_2_17_aarch64.manylinux2014_aarch64.whl", hash = "sha256:b7c2286c23cd350b80d2fc9d424fc797575fb16f854b831d16fd47ceec078f2c" },
    { url = "https://download.pytorch.org/whl/pillow-10.2.0-cp312-cp312-manylinux_2_17_x86_64.manylinux2014_x86_64.whl", hash = "sha256:1e23412b5c41e58cec602f1135c57dfcf15482013ce6e5f093a86db69646a5aa" },
    { url = "https://download.pytorch.org/whl/pillow-10.2.0-cp312-cp312-manylinux_2_28_aarch64.whl", hash = "sha256:52a50aa3fb3acb9cf7213573ef55d31d6eca37f5709c69e6858fe3bc04a5c2a2" },
    { url = "https://download.pytorch.org/whl/pillow-10.2.0-cp312-cp312-manylinux_2_28_x86_64.whl", hash = "sha256:127cee571038f252a552760076407f9cff79761c3d436a12af6000cd182a9d04" },
    { url = "https://download.pytorch.org/whl/pillow-10.2.0-cp312-cp312-win_amd64.whl", hash = "sha256:154e939c5f0053a383de4fd3d3da48d9427a7e985f58af8e94d0b3c9fcfcf4f9" },
    { url = "https://download.pytorch.org/whl/pillow-10.2.0-cp312-cp312-win_arm64.whl", hash = "sha256:f379abd2f1e3dddb2b61bc67977a6b5a0a3f7485538bcc6f39ec76163891ee48" },
]

[[package]]
name = "pluggy"
version = "1.5.0"
source = { registry = "https://pypi.org/simple" }
sdist = { url = "https://files.pythonhosted.org/packages/96/2d/02d4312c973c6050a18b314a5ad0b3210edb65a906f868e31c111dede4a6/pluggy-1.5.0.tar.gz", hash = "sha256:2cffa88e94fdc978c4c574f15f9e59b7f4201d439195c3715ca9e2486f1d0cf1", size = 67955 }
wheels = [
    { url = "https://files.pythonhosted.org/packages/88/5f/e351af9a41f866ac3f1fac4ca0613908d9a41741cfcf2228f4ad853b697d/pluggy-1.5.0-py3-none-any.whl", hash = "sha256:44e1ad92c8ca002de6377e165f3e0f1be63266ab4d554740532335b9d75ea669", size = 20556 },
]

[[package]]
name = "pytest"
version = "8.3.3"
source = { registry = "https://pypi.org/simple" }
dependencies = [
    { name = "colorama", marker = "sys_platform == 'win32'" },
    { name = "iniconfig" },
    { name = "packaging" },
    { name = "pluggy" },
]
sdist = { url = "https://files.pythonhosted.org/packages/8b/6c/62bbd536103af674e227c41a8f3dcd022d591f6eed5facb5a0f31ee33bbc/pytest-8.3.3.tar.gz", hash = "sha256:70b98107bd648308a7952b06e6ca9a50bc660be218d53c257cc1fc94fda10181", size = 1442487 }
wheels = [
    { url = "https://files.pythonhosted.org/packages/6b/77/7440a06a8ead44c7757a64362dd22df5760f9b12dc5f11b6188cd2fc27a0/pytest-8.3.3-py3-none-any.whl", hash = "sha256:a6853c7375b2663155079443d2e45de913a911a11d669df02a50814944db57b2", size = 342341 },
]

[[package]]
name = "pytest-cov"
version = "5.0.0"
source = { registry = "https://pypi.org/simple" }
dependencies = [
    { name = "coverage", extra = ["toml"] },
    { name = "pytest" },
]
sdist = { url = "https://files.pythonhosted.org/packages/74/67/00efc8d11b630c56f15f4ad9c7f9223f1e5ec275aaae3fa9118c6a223ad2/pytest-cov-5.0.0.tar.gz", hash = "sha256:5837b58e9f6ebd335b0f8060eecce69b662415b16dc503883a02f45dfeb14857", size = 63042 }
wheels = [
    { url = "https://files.pythonhosted.org/packages/78/3a/af5b4fa5961d9a1e6237b530eb87dd04aea6eb83da09d2a4073d81b54ccf/pytest_cov-5.0.0-py3-none-any.whl", hash = "sha256:4f0764a1219df53214206bf1feea4633c3b558a2925c8b59f144f682861ce652", size = 21990 },
]

[[package]]
name = "python-dotenv"
version = "1.0.1"
source = { registry = "https://pypi.org/simple" }
sdist = { url = "https://files.pythonhosted.org/packages/bc/57/e84d88dfe0aec03b7a2d4327012c1627ab5f03652216c63d49846d7a6c58/python-dotenv-1.0.1.tar.gz", hash = "sha256:e324ee90a023d808f1959c46bcbc04446a10ced277783dc6ee09987c37ec10ca", size = 39115 }
wheels = [
    { url = "https://files.pythonhosted.org/packages/6a/3e/b68c118422ec867fa7ab88444e1274aa40681c606d59ac27de5a5588f082/python_dotenv-1.0.1-py3-none-any.whl", hash = "sha256:f7b63ef50f1b690dddf550d03497b66d609393b40b564ed0d674909a68ebf16a", size = 19863 },
]

[[package]]
name = "ruff"
version = "0.7.0"
source = { registry = "https://pypi.org/simple" }
sdist = { url = "https://files.pythonhosted.org/packages/2c/c7/f3367d1da5d568192968c5c9e7f3d51fb317b9ac04828493b23d8fce8ce6/ruff-0.7.0.tar.gz", hash = "sha256:47a86360cf62d9cd53ebfb0b5eb0e882193fc191c6d717e8bef4462bc3b9ea2b", size = 3146645 }
wheels = [
    { url = "https://files.pythonhosted.org/packages/48/59/a0275a0913f3539498d116046dd679cd657fe3b7caf5afe1733319414932/ruff-0.7.0-py3-none-linux_armv6l.whl", hash = "sha256:0cdf20c2b6ff98e37df47b2b0bd3a34aaa155f59a11182c1303cce79be715628", size = 10434007 },
    { url = "https://files.pythonhosted.org/packages/cd/94/da0ba5f956d04c90dd899209904210600009dcda039ce840d83eb4298c7d/ruff-0.7.0-py3-none-macosx_10_12_x86_64.whl", hash = "sha256:496494d350c7fdeb36ca4ef1c9f21d80d182423718782222c29b3e72b3512737", size = 10048066 },
    { url = "https://files.pythonhosted.org/packages/57/1d/e5cc149ecc46e4f203403a79ccd170fad52d316f98b87d0f63b1945567db/ruff-0.7.0-py3-none-macosx_11_0_arm64.whl", hash = "sha256:214b88498684e20b6b2b8852c01d50f0651f3cc6118dfa113b4def9f14faaf06", size = 9711389 },
    { url = "https://files.pythonhosted.org/packages/05/67/fb7ea2c869c539725a16c5bc294e9aa34f8b1b6fe702f1d173a5da517c2b/ruff-0.7.0-py3-none-manylinux_2_17_aarch64.manylinux2014_aarch64.whl", hash = "sha256:630fce3fefe9844e91ea5bbf7ceadab4f9981f42b704fae011bb8efcaf5d84be", size = 10755174 },
    { url = "https://files.pythonhosted.org/packages/5f/f0/13703bc50536a0613ea3dce991116e5f0917a1f05528c6ab738b33c08d3f/ruff-0.7.0-py3-none-manylinux_2_17_armv7l.manylinux2014_armv7l.whl", hash = "sha256:211d877674e9373d4bb0f1c80f97a0201c61bcd1e9d045b6e9726adc42c156aa", size = 10196040 },
    { url = "https://files.pythonhosted.org/packages/99/c1/77b04ab20324ab03d333522ee55fb0f1c38e3ca0d326b4905f82ce6b6c70/ruff-0.7.0-py3-none-manylinux_2_17_i686.manylinux2014_i686.whl", hash = "sha256:194d6c46c98c73949a106425ed40a576f52291c12bc21399eb8f13a0f7073495", size = 11033684 },
    { url = "https://files.pythonhosted.org/packages/f2/97/f463334dc4efeea3551cd109163df15561c18a1c3ec13d51643740fd36ba/ruff-0.7.0-py3-none-manylinux_2_17_ppc64.manylinux2014_ppc64.whl", hash = "sha256:82c2579b82b9973a110fab281860403b397c08c403de92de19568f32f7178598", size = 11803700 },
    { url = "https://files.pythonhosted.org/packages/b4/f8/a31d40c4bb92933d376a53e7c5d0245d9b27841357e4820e96d38f54b480/ruff-0.7.0-py3-none-manylinux_2_17_ppc64le.manylinux2014_ppc64le.whl", hash = "sha256:9af971fe85dcd5eaed8f585ddbc6bdbe8c217fb8fcf510ea6bca5bdfff56040e", size = 11347848 },
    { url = "https://files.pythonhosted.org/packages/83/62/0c133b35ddaf91c65c30a56718b80bdef36bfffc35684d29e3a4878e0ea3/ruff-0.7.0-py3-none-manylinux_2_17_s390x.manylinux2014_s390x.whl", hash = "sha256:b641c7f16939b7d24b7bfc0be4102c56562a18281f84f635604e8a6989948914", size = 12480632 },
    { url = "https://files.pythonhosted.org/packages/46/96/464058dd1d980014fb5aa0a1254e78799efb3096fc7a4823cd66a1621276/ruff-0.7.0-py3-none-manylinux_2_17_x86_64.manylinux2014_x86_64.whl", hash = "sha256:d71672336e46b34e0c90a790afeac8a31954fd42872c1f6adaea1dff76fd44f9", size = 10941919 },
    { url = "https://files.pythonhosted.org/packages/a0/f7/bda37ec77986a435dde44e1f59374aebf4282a5fa9cf17735315b847141f/ruff-0.7.0-py3-none-musllinux_1_2_aarch64.whl", hash = "sha256:ab7d98c7eed355166f367597e513a6c82408df4181a937628dbec79abb2a1fe4", size = 10745519 },
    { url = "https://files.pythonhosted.org/packages/c2/33/5f77fc317027c057b61a848020a47442a1cbf12e592df0e41e21f4d0f3bd/ruff-0.7.0-py3-none-musllinux_1_2_armv7l.whl", hash = "sha256:1eb54986f770f49edb14f71d33312d79e00e629a57387382200b1ef12d6a4ef9", size = 10284872 },
    { url = "https://files.pythonhosted.org/packages/ff/50/98aec292bc9537f640b8d031c55f3414bf15b6ed13b3e943fed75ac927b9/ruff-0.7.0-py3-none-musllinux_1_2_i686.whl", hash = "sha256:dc452ba6f2bb9cf8726a84aa877061a2462afe9ae0ea1d411c53d226661c601d", size = 10600334 },
    { url = "https://files.pythonhosted.org/packages/f2/85/12607ae3201423a179b8cfadc7cb1e57d02cd0135e45bd0445acb4cef327/ruff-0.7.0-py3-none-musllinux_1_2_x86_64.whl", hash = "sha256:4b406c2dce5be9bad59f2de26139a86017a517e6bcd2688da515481c05a2cb11", size = 11017333 },
    { url = "https://files.pythonhosted.org/packages/d4/7f/3b85a56879e705d5f46ec14daf8a439fca05c3081720fe3dc3209100922d/ruff-0.7.0-py3-none-win32.whl", hash = "sha256:f6c968509f767776f524a8430426539587d5ec5c662f6addb6aa25bc2e8195ec", size = 8570962 },
    { url = "https://files.pythonhosted.org/packages/39/9f/c5ee2b40d377354dabcc23cff47eb299de4b4d06d345068f8f8cc1eadac8/ruff-0.7.0-py3-none-win_amd64.whl", hash = "sha256:ff4aabfbaaba880e85d394603b9e75d32b0693152e16fa659a3064a85df7fce2", size = 9365544 },
    { url = "https://files.pythonhosted.org/packages/89/8b/ee1509f60148cecba644aa718f6633216784302458340311898aaf0b1bed/ruff-0.7.0-py3-none-win_arm64.whl", hash = "sha256:10842f69c245e78d6adec7e1db0a7d9ddc2fff0621d730e61657b64fa36f207e", size = 8695763 },
]

[[package]]
name = "setuptools"
version = "70.0.0"
source = { registry = "https://download.pytorch.org/whl/cpu" }
wheels = [
    { url = "https://download.pytorch.org/whl/setuptools-70.0.0-py3-none-any.whl", hash = "sha256:54faa7f2e8d2d11bcd2c07bed282eef1046b5c080d1c32add737d7b5817b1ad4" },
]

[[package]]
name = "sympy"
version = "1.13.1"
source = { registry = "https://download.pytorch.org/whl/cpu" }
dependencies = [
    { name = "mpmath" },
]
wheels = [
    { url = "https://download.pytorch.org/whl/sympy-1.13.1-py3-none-any.whl", hash = "sha256:db36cdc64bf61b9b24578b6f7bab1ecdd2452cf008f34faa33776680c26d66f8" },
]

[[package]]
name = "tomli"
version = "2.0.2"
source = { registry = "https://pypi.org/simple" }
sdist = { url = "https://files.pythonhosted.org/packages/35/b9/de2a5c0144d7d75a57ff355c0c24054f965b2dc3036456ae03a51ea6264b/tomli-2.0.2.tar.gz", hash = "sha256:d46d457a85337051c36524bc5349dd91b1877838e2979ac5ced3e710ed8a60ed", size = 16096 }
wheels = [
    { url = "https://files.pythonhosted.org/packages/cf/db/ce8eda256fa131af12e0a76d481711abe4681b6923c27efb9a255c9e4594/tomli-2.0.2-py3-none-any.whl", hash = "sha256:2ebe24485c53d303f690b0ec092806a085f07af5a5aa1464f3931eec36caaa38", size = 13237 },
]

[[package]]
name = "torch"
version = "2.5.0"
source = { registry = "https://download.pytorch.org/whl" }
resolution-markers = [
    "sys_platform == 'darwin'",
]
dependencies = [
    { name = "filelock", marker = "sys_platform == 'darwin'" },
    { name = "fsspec", marker = "sys_platform == 'darwin'" },
    { name = "jinja2", marker = "sys_platform == 'darwin'" },
    { name = "networkx", marker = "sys_platform == 'darwin'" },
    { name = "setuptools", marker = "python_full_version >= '3.12' and sys_platform == 'darwin' and python_full_version >= '3.11'" },
    { name = "sympy", marker = "sys_platform == 'darwin' and python_full_version >= '3.11'" },
    { name = "typing-extensions", marker = "sys_platform == 'darwin'" },
]
wheels = [
    { url = "https://download.pytorch.org/whl/cu124/torch-2.5.0-cp311-cp311-linux_aarch64.whl", hash = "sha256:c9598921094edd103d605d8097eb102746f5631068444a04654729a69c5c51d0" },
    { url = "https://download.pytorch.org/whl/cpu/torch-2.5.0-cp311-none-macosx_11_0_arm64.whl", hash = "sha256:da77217ecd32e54c6249799547eeda105ebbaa8c3c745b591a5320e2bc243585" },
    { url = "https://download.pytorch.org/whl/cu124/torch-2.5.0-cp312-cp312-linux_aarch64.whl", hash = "sha256:807c3824c1090625bf800c74984903bc36cc5e72a40ce3b3378ae622859c597b" },
    { url = "https://download.pytorch.org/whl/cpu/torch-2.5.0-cp312-none-macosx_11_0_arm64.whl", hash = "sha256:c3abe3a003c0d57806522f73d5eb97766836a274d809c9ca3eb3e75d2488bf3e" },
]

[[package]]
name = "torch"
version = "2.5.0+cpu"
source = { registry = "https://download.pytorch.org/whl/cpu" }
resolution-markers = [
    "sys_platform != 'darwin' and sys_platform != 'linux'",
    "sys_platform == 'linux'",
]
dependencies = [
    { name = "filelock", marker = "sys_platform != 'darwin'" },
    { name = "fsspec", marker = "sys_platform != 'darwin'" },
    { name = "jinja2", marker = "sys_platform != 'darwin'" },
    { name = "networkx", marker = "sys_platform != 'darwin'" },
    { name = "setuptools", marker = "python_full_version >= '3.12' and sys_platform != 'darwin' and python_full_version >= '3.11'" },
    { name = "sympy", marker = "sys_platform != 'darwin' and python_full_version >= '3.11'" },
    { name = "typing-extensions", marker = "sys_platform != 'darwin'" },
]
wheels = [
    { url = "https://download.pytorch.org/whl/cpu/torch-2.5.0%2Bcpu-cp311-cp311-linux_x86_64.whl", hash = "sha256:217b7de83d1cc71f1de2eae4288cb25a8210a109424a0c1fdde640e3778747d7" },
    { url = "https://download.pytorch.org/whl/cpu/torch-2.5.0%2Bcpu-cp311-cp311-win_amd64.whl", hash = "sha256:690954a8becf12a04e64f08fe84f1a9c9dcbf12b07d481f89809d2cfc55a1038" },
    { url = "https://download.pytorch.org/whl/cpu/torch-2.5.0%2Bcpu-cp312-cp312-linux_x86_64.whl", hash = "sha256:e55267712c4b1efdf5e044e47ba7e52dc38862a551c841a26c9b0de458cc4a33" },
    { url = "https://download.pytorch.org/whl/cpu/torch-2.5.0%2Bcpu-cp312-cp312-win_amd64.whl", hash = "sha256:3815a38bbe31d0c546a33a0c59a5426563e94aea6d32eb4cf07b6a99bfa7130f" },
    { url = "https://download.pytorch.org/whl/cpu/torch-2.5.0%2Bcpu-cp313-cp313-linux_x86_64.whl", hash = "sha256:5ad2c254598ca2b603020a51e8cbaec1106e8fa36e62df474228d2b3c438ce02" },
]

[[package]]
name = "torchvision"
version = "0.20.0"
source = { registry = "https://download.pytorch.org/whl/cpu" }
resolution-markers = [
    "sys_platform == 'darwin'",
]
dependencies = [
    { name = "numpy", marker = "sys_platform == 'darwin'" },
    { name = "pillow", marker = "sys_platform == 'darwin'" },
    { name = "torch", version = "2.5.0", source = { registry = "https://download.pytorch.org/whl" }, marker = "sys_platform == 'darwin'" },
]
wheels = [
    { url = "https://download.pytorch.org/whl/cpu/torchvision-0.20.0-cp311-cp311-linux_aarch64.whl", hash = "sha256:55d7f43ef912ebc4da4bba73a0bbf387d38a6be9cd521679c0f4056f9564b698" },
    { url = "https://download.pytorch.org/whl/cpu/torchvision-0.20.0-cp311-cp311-macosx_11_0_arm64.whl", hash = "sha256:a15de6266a36bcd10d89f6f3d7ba4e2dd567a7a0add616ebc6e65aea20790e5d" },
    { url = "https://download.pytorch.org/whl/cpu/torchvision-0.20.0-cp312-cp312-linux_aarch64.whl", hash = "sha256:f8d0213489acfb138369f2455a6893880c194a8195e381c19f872b277f2654c3" },
    { url = "https://download.pytorch.org/whl/cpu/torchvision-0.20.0-cp312-cp312-macosx_11_0_arm64.whl", hash = "sha256:ac0edba534fb071b2b03a2fd5cbbf9b7c259896d17a1d0d830b3c5b7dfae0782" },
]

[[package]]
name = "torchvision"
version = "0.20.0+cpu"
source = { registry = "https://download.pytorch.org/whl/cpu" }
resolution-markers = [
    "sys_platform != 'darwin' and sys_platform != 'linux'",
    "sys_platform == 'linux'",
]
dependencies = [
    { name = "numpy", marker = "sys_platform != 'darwin'" },
    { name = "pillow", marker = "sys_platform != 'darwin'" },
    { name = "torch", version = "2.5.0+cpu", source = { registry = "https://download.pytorch.org/whl/cpu" }, marker = "sys_platform != 'darwin'" },
]
wheels = [
    { url = "https://download.pytorch.org/whl/cpu/torchvision-0.20.0%2Bcpu-cp311-cp311-linux_x86_64.whl", hash = "sha256:3023b88f27f2e80fefa2ff54d9cdb968479a2903c3bc5d0d872e7092d3f8f555" },
    { url = "https://download.pytorch.org/whl/cpu/torchvision-0.20.0%2Bcpu-cp311-cp311-win_amd64.whl", hash = "sha256:13b2856e68a5934af0bdb8d99c9668548e1289e14bdfaceda8be0672971c5732" },
    { url = "https://download.pytorch.org/whl/cpu/torchvision-0.20.0%2Bcpu-cp312-cp312-linux_x86_64.whl", hash = "sha256:beddcb1b9331446502906f5a711ccffd4e42a20e4c60d9b4f9fc3e79110f29d1" },
    { url = "https://download.pytorch.org/whl/cpu/torchvision-0.20.0%2Bcpu-cp312-cp312-win_amd64.whl", hash = "sha256:63b0649836528ff99c9055f7b6dd71e1b1b3cf6bed1a2d3a939b90c9f249e2c2" },
]

[[package]]
name = "typing-extensions"
version = "4.9.0"
source = { registry = "https://download.pytorch.org/whl/cpu" }
wheels = [
    { url = "https://download.pytorch.org/whl/typing_extensions-4.9.0-py3-none-any.whl", hash = "sha256:af72aea155e91adfc61c3ae9e0e342dbc0cba726d6cba4b6c72c1f34e47291cd" },
]

[[package]]
name = "uv-package-index"
version = "0.1.0"
source = { virtual = "." }
dependencies = [
    { name = "loguru" },
    { name = "python-dotenv" },
    { name = "torch", version = "2.5.0", source = { registry = "https://download.pytorch.org/whl" }, marker = "sys_platform == 'darwin'" },
    { name = "torch", version = "2.5.0+cpu", source = { registry = "https://download.pytorch.org/whl/cpu" }, marker = "sys_platform != 'darwin'" },
    { name = "torchvision", version = "0.20.0", source = { registry = "https://download.pytorch.org/whl/cpu" }, marker = "sys_platform == 'darwin'" },
    { name = "torchvision", version = "0.20.0+cpu", source = { registry = "https://download.pytorch.org/whl/cpu" }, marker = "sys_platform != 'darwin'" },
]

[package.dev-dependencies]
dev = [
    { name = "mypy" },
    { name = "pytest" },
    { name = "pytest-cov" },
    { name = "ruff" },
]

[package.metadata]
requires-dist = [
    { name = "loguru", specifier = ">=0.7.2" },
    { name = "python-dotenv", specifier = ">=1.0.1" },
    { name = "torch", marker = "sys_platform != 'darwin'", specifier = "==2.5.0+cpu", index = "https://download.pytorch.org/whl/cpu" },
    { name = "torch", marker = "sys_platform == 'darwin'", specifier = "==2.5.0", index = "https://download.pytorch.org/whl" },
    { name = "torchvision", marker = "sys_platform != 'darwin'", specifier = "==0.20.0+cpu" },
    { name = "torchvision", marker = "sys_platform == 'darwin'", specifier = "==0.20.0" },
]

[package.metadata.requires-dev]
dev = [
    { name = "mypy", specifier = ">=1.12.1" },
    { name = "pytest", specifier = ">=8.3.3" },
    { name = "pytest-cov", specifier = ">=5.0.0" },
    { name = "ruff", specifier = ">=0.7.0" },
]

[[package]]
name = "win32-setctime"
version = "1.1.0"
source = { registry = "https://pypi.org/simple" }
sdist = { url = "https://files.pythonhosted.org/packages/6b/dd/f95a13d2b235a28d613ba23ebad55191514550debb968b46aab99f2e3a30/win32_setctime-1.1.0.tar.gz", hash = "sha256:15cf5750465118d6929ae4de4eb46e8edae9a5634350c01ba582df868e932cb2", size = 3676 }
wheels = [
    { url = "https://files.pythonhosted.org/packages/0a/e6/a7d828fef907843b2a5773ebff47fb79ac0c1c88d60c0ca9530ee941e248/win32_setctime-1.1.0-py3-none-any.whl", hash = "sha256:231db239e959c2fe7eb1d7dc129f11172354f98361c4fa2d6d2d7e278baa8aad", size = 3604 },
]
